
Microsoft Visual Studio Solution File, Format Version 12.00
# Visual Studio 2013
VisualStudioVersion = 12.0.31101.0
MinimumVisualStudioVersion = 10.0.40219.1
Project("{FAE04EC0-301F-11D3-BF4B-00C04F79EFBC}") = "BakaProject", "BakaProject\BakaProject.csproj", "{63BE73BB-37C6-43D6-B808-3C07B38AB0C4}"
	ProjectSection(ProjectDependencies) = postProject
		{DF5BCA9F-AF2B-4D14-8BE6-FFCCBFFC4A34} = {DF5BCA9F-AF2B-4D14-8BE6-FFCCBFFC4A34}
	EndProjectSection
EndProject
Project("{FAE04EC0-301F-11D3-BF4B-00C04F79EFBC}") = "BakaProjectDomain", "BakaProjectDomain\BakaProjectDomain.csproj", "{DF5BCA9F-AF2B-4D14-8BE6-FFCCBFFC4A34}"
EndProject
Global
	GlobalSection(SolutionConfigurationPlatforms) = preSolution
		Debug|Any CPU = Debug|Any CPU
		Release|Any CPU = Release|Any CPU
	EndGlobalSection
	GlobalSection(ProjectConfigurationPlatforms) = postSolution
		{63BE73BB-37C6-43D6-B808-3C07B38AB0C4}.Debug|Any CPU.ActiveCfg = Debug|Any CPU
		{63BE73BB-37C6-43D6-B808-3C07B38AB0C4}.Debug|Any CPU.Build.0 = Debug|Any CPU
		{63BE73BB-37C6-43D6-B808-3C07B38AB0C4}.Release|Any CPU.ActiveCfg = Release|Any CPU
		{63BE73BB-37C6-43D6-B808-3C07B38AB0C4}.Release|Any CPU.Build.0 = Release|Any CPU
		{DF5BCA9F-AF2B-4D14-8BE6-FFCCBFFC4A34}.Debug|Any CPU.ActiveCfg = Debug|Any CPU
		{DF5BCA9F-AF2B-4D14-8BE6-FFCCBFFC4A34}.Debug|Any CPU.Build.0 = Debug|Any CPU
		{DF5BCA9F-AF2B-4D14-8BE6-FFCCBFFC4A34}.Release|Any CPU.ActiveCfg = Release|Any CPU
		{DF5BCA9F-AF2B-4D14-8BE6-FFCCBFFC4A34}.Release|Any CPU.Build.0 = Release|Any CPU
	EndGlobalSection
	GlobalSection(SolutionProperties) = preSolution
		HideSolutionNode = FALSE
	EndGlobalSection
EndGlobal
